
Microsoft Visual Studio Solution File, Format Version 12.00
# Visual Studio 15
VisualStudioVersion = 15.0.28010.2041
MinimumVisualStudioVersion = 10.0.40219.1
Project("{FAE04EC0-301F-11D3-BF4B-00C04F79EFBC}") = "Lojistik20", "Lojistik20\Lojistik20.csproj", "{DC4A698E-8582-4BC6-A03C-1B8A609D905D}"
EndProject
Global
	GlobalSection(SolutionConfigurationPlatforms) = preSolution
		Debug|Any CPU = Debug|Any CPU
		Release|Any CPU = Release|Any CPU
	EndGlobalSection
	GlobalSection(ProjectConfigurationPlatforms) = postSolution
		{DC4A698E-8582-4BC6-A03C-1B8A609D905D}.Debug|Any CPU.ActiveCfg = Debug|Any CPU
		{DC4A698E-8582-4BC6-A03C-1B8A609D905D}.Debug|Any CPU.Build.0 = Debug|Any CPU
		{DC4A698E-8582-4BC6-A03C-1B8A609D905D}.Release|Any CPU.ActiveCfg = Release|Any CPU
		{DC4A698E-8582-4BC6-A03C-1B8A609D905D}.Release|Any CPU.Build.0 = Release|Any CPU
	EndGlobalSection
	GlobalSection(SolutionProperties) = preSolution
		HideSolutionNode = FALSE
	EndGlobalSection
	GlobalSection(ExtensibilityGlobals) = postSolution
		SolutionGuid = {FE8AB062-85D8-4633-896A-CB21FA547CDB}
	EndGlobalSection
EndGlobal
